// !$*UTF8*$!
{
	archiveVersion = 1;
	classes = {
	};
	objectVersion = 56;
	objects = {

/* Begin PBXBuildFile section */
		050CB33629665AB9005A1946 /* main.cpp in Sources */ = {isa = PBXBuildFile; fileRef = 050CB33529665AB9005A1946 /* main.cpp */; };
		050CB33E29665D17005A1946 /* OpenGL.framework in Frameworks */ = {isa = PBXBuildFile; fileRef = 050CB33D29665D17005A1946 /* OpenGL.framework */; };
		05831EAC2966B905006773FA /* glad.c in Sources */ = {isa = PBXBuildFile; fileRef = 05831E9C2966B905006773FA /* glad.c */; };
		DC4763942967E588005D1EDE /* lesson_02_triangle.cpp in Sources */ = {isa = PBXBuildFile; fileRef = DC4763922967E588005D1EDE /* lesson_02_triangle.cpp */; };
		DC4764762969714C005D1EDE /* lesson_03_rectangle.cpp in Sources */ = {isa = PBXBuildFile; fileRef = DC4764742969714C005D1EDE /* lesson_03_rectangle.cpp */; };
		DC47647A2969D951005D1EDE /* opengl_graphic_window.cpp in Sources */ = {isa = PBXBuildFile; fileRef = DC4764782969D951005D1EDE /* opengl_graphic_window.cpp */; };
		DC47647D2969DB2B005D1EDE /* opengl_glsl_lang.cpp in Sources */ = {isa = PBXBuildFile; fileRef = DC47647B2969DB2B005D1EDE /* opengl_glsl_lang.cpp */; };
		DC476480296A562C005D1EDE /* lesson_04_vertex.cpp in Sources */ = {isa = PBXBuildFile; fileRef = DC47647E296A562C005D1EDE /* lesson_04_vertex.cpp */; };
		DC476483296A75D1005D1EDE /* lesson_05_texture.cpp in Sources */ = {isa = PBXBuildFile; fileRef = DC476481296A75D1005D1EDE /* lesson_05_texture.cpp */; };
		DC4764DD296BDB47005D1EDE /* lesson_06_transform.cpp in Sources */ = {isa = PBXBuildFile; fileRef = DC4764DB296BDB47005D1EDE /* lesson_06_transform.cpp */; };
		DC4764E5296D2D23005D1EDE /* lesson_07_cube.cpp in Sources */ = {isa = PBXBuildFile; fileRef = DC4764E3296D2D23005D1EDE /* lesson_07_cube.cpp */; };
		DC4764EA296D483C005D1EDE /* opengl_texture.cpp in Sources */ = {isa = PBXBuildFile; fileRef = DC4764E8296D483C005D1EDE /* opengl_texture.cpp */; };
		DCF4B4AE2966C7CA000F4107 /* libglfw3.a in Frameworks */ = {isa = PBXBuildFile; fileRef = 05831EAB2966B905006773FA /* libglfw3.a */; };
		DCF4B4AF2966C874000F4107 /* Cocoa.framework in Frameworks */ = {isa = PBXBuildFile; fileRef = 05831EAE2966BA23006773FA /* Cocoa.framework */; };
		DCF4B4B02966C87F000F4107 /* IOKit.framework in Frameworks */ = {isa = PBXBuildFile; fileRef = 05831EB02966BA84006773FA /* IOKit.framework */; };
		DCF4B4B92966D017000F4107 /* lesson_01_window.cpp in Sources */ = {isa = PBXBuildFile; fileRef = DCF4B4B72966D017000F4107 /* lesson_01_window.cpp */; };
/* End PBXBuildFile section */

/* Begin PBXCopyFilesBuildPhase section */
		050CB33029665AB9005A1946 /* CopyFiles */ = {
			isa = PBXCopyFilesBuildPhase;
			buildActionMask = 12;
			dstPath = $BUILT_PRODUCTS_DIR;
			dstSubfolderSpec = 0;
			files = (
			);
			runOnlyForDeploymentPostprocessing = 0;
		};
/* End PBXCopyFilesBuildPhase section */

/* Begin PBXFileReference section */
		050CB33229665AB9005A1946 /* learn_opengl */ = {isa = PBXFileReference; explicitFileType = "compiled.mach-o.executable"; includeInIndex = 0; path = learn_opengl; sourceTree = BUILT_PRODUCTS_DIR; };
		050CB33529665AB9005A1946 /* main.cpp */ = {isa = PBXFileReference; lastKnownFileType = sourcecode.cpp.cpp; path = main.cpp; sourceTree = "<group>"; };
		050CB33D29665D17005A1946 /* OpenGL.framework */ = {isa = PBXFileReference; lastKnownFileType = wrapper.framework; name = OpenGL.framework; path = System/Library/Frameworks/OpenGL.framework; sourceTree = SDKROOT; };
		050CB33F29665D44005A1946 /* libglfw.3.3.dylib */ = {isa = PBXFileReference; lastKnownFileType = "compiled.mach-o.dylib"; name = libglfw.3.3.dylib; path = ../../../../opt/homebrew/Cellar/glfw/3.3.8/lib/libglfw.3.3.dylib; sourceTree = "<group>"; };
		05831E9C2966B905006773FA /* glad.c */ = {isa = PBXFileReference; fileEncoding = 4; lastKnownFileType = sourcecode.c.c; path = glad.c; sourceTree = "<group>"; };
		05831EAB2966B905006773FA /* libglfw3.a */ = {isa = PBXFileReference; lastKnownFileType = archive.ar; path = libglfw3.a; sourceTree = "<group>"; };
		05831EAE2966BA23006773FA /* Cocoa.framework */ = {isa = PBXFileReference; lastKnownFileType = wrapper.framework; name = Cocoa.framework; path = System/Library/Frameworks/Cocoa.framework; sourceTree = SDKROOT; };
		05831EB02966BA84006773FA /* IOKit.framework */ = {isa = PBXFileReference; lastKnownFileType = wrapper.framework; name = IOKit.framework; path = System/Library/Frameworks/IOKit.framework; sourceTree = SDKROOT; };
		DC4763922967E588005D1EDE /* lesson_02_triangle.cpp */ = {isa = PBXFileReference; lastKnownFileType = sourcecode.cpp.cpp; path = lesson_02_triangle.cpp; sourceTree = "<group>"; };
		DC4763932967E588005D1EDE /* lesson_02_triangle.hpp */ = {isa = PBXFileReference; lastKnownFileType = sourcecode.cpp.h; path = lesson_02_triangle.hpp; sourceTree = "<group>"; };
		DC4764742969714C005D1EDE /* lesson_03_rectangle.cpp */ = {isa = PBXFileReference; lastKnownFileType = sourcecode.cpp.cpp; path = lesson_03_rectangle.cpp; sourceTree = "<group>"; };
		DC4764752969714C005D1EDE /* lesson_03_rectangle.hpp */ = {isa = PBXFileReference; lastKnownFileType = sourcecode.cpp.h; path = lesson_03_rectangle.hpp; sourceTree = "<group>"; };
		DC4764782969D951005D1EDE /* opengl_graphic_window.cpp */ = {isa = PBXFileReference; lastKnownFileType = sourcecode.cpp.cpp; path = opengl_graphic_window.cpp; sourceTree = "<group>"; };
		DC4764792969D951005D1EDE /* opengl_graphic_window.hpp */ = {isa = PBXFileReference; lastKnownFileType = sourcecode.cpp.h; path = opengl_graphic_window.hpp; sourceTree = "<group>"; };
		DC47647B2969DB2B005D1EDE /* opengl_glsl_lang.cpp */ = {isa = PBXFileReference; lastKnownFileType = sourcecode.cpp.cpp; path = opengl_glsl_lang.cpp; sourceTree = "<group>"; };
		DC47647C2969DB2B005D1EDE /* opengl_glsl_lang.hpp */ = {isa = PBXFileReference; lastKnownFileType = sourcecode.cpp.h; path = opengl_glsl_lang.hpp; sourceTree = "<group>"; };
		DC47647E296A562C005D1EDE /* lesson_04_vertex.cpp */ = {isa = PBXFileReference; lastKnownFileType = sourcecode.cpp.cpp; path = lesson_04_vertex.cpp; sourceTree = "<group>"; };
		DC47647F296A562C005D1EDE /* lesson_04_vertex.hpp */ = {isa = PBXFileReference; lastKnownFileType = sourcecode.cpp.h; path = lesson_04_vertex.hpp; sourceTree = "<group>"; };
		DC476481296A75D1005D1EDE /* lesson_05_texture.cpp */ = {isa = PBXFileReference; lastKnownFileType = sourcecode.cpp.cpp; path = lesson_05_texture.cpp; sourceTree = "<group>"; };
		DC476482296A75D1005D1EDE /* lesson_05_texture.hpp */ = {isa = PBXFileReference; lastKnownFileType = sourcecode.cpp.h; path = lesson_05_texture.hpp; sourceTree = "<group>"; };
		DC4764D1296A913F005D1EDE /* wall.jpg */ = {isa = PBXFileReference; lastKnownFileType = image.jpeg; path = wall.jpg; sourceTree = "<group>"; };
		DC4764D4296A9AE2005D1EDE /* lesson_05_vertex.glsl */ = {isa = PBXFileReference; lastKnownFileType = text; path = lesson_05_vertex.glsl; sourceTree = "<group>"; };
		DC4764D5296A9B22005D1EDE /* lesson_05_frament.glsl */ = {isa = PBXFileReference; lastKnownFileType = text; path = lesson_05_frament.glsl; sourceTree = "<group>"; };
		DC4764D8296AB1CA005D1EDE /* awesomeface.png */ = {isa = PBXFileReference; lastKnownFileType = image.png; path = awesomeface.png; sourceTree = "<group>"; };
		DC4764DB296BDB47005D1EDE /* lesson_06_transform.cpp */ = {isa = PBXFileReference; lastKnownFileType = sourcecode.cpp.cpp; path = lesson_06_transform.cpp; sourceTree = "<group>"; };
		DC4764DC296BDB47005D1EDE /* lesson_06_transform.hpp */ = {isa = PBXFileReference; lastKnownFileType = sourcecode.cpp.h; path = lesson_06_transform.hpp; sourceTree = "<group>"; };
		DC4764DE296BDEEC005D1EDE /* lesson_06_frament.glsl */ = {isa = PBXFileReference; fileEncoding = 4; lastKnownFileType = text; path = lesson_06_frament.glsl; sourceTree = "<group>"; };
		DC4764DF296BDEEC005D1EDE /* lesson_06_vertex.glsl */ = {isa = PBXFileReference; fileEncoding = 4; lastKnownFileType = text; path = lesson_06_vertex.glsl; sourceTree = "<group>"; };
		DC4764E3296D2D23005D1EDE /* lesson_07_cube.cpp */ = {isa = PBXFileReference; lastKnownFileType = sourcecode.cpp.cpp; path = lesson_07_cube.cpp; sourceTree = "<group>"; };
		DC4764E4296D2D23005D1EDE /* lesson_07_cube.hpp */ = {isa = PBXFileReference; lastKnownFileType = sourcecode.cpp.h; path = lesson_07_cube.hpp; sourceTree = "<group>"; };
		DC4764E6296D2D5F005D1EDE /* lesson_07_vertex.glsl */ = {isa = PBXFileReference; fileEncoding = 4; lastKnownFileType = text; path = lesson_07_vertex.glsl; sourceTree = "<group>"; };
		DC4764E7296D2D5F005D1EDE /* lesson_07_frament.glsl */ = {isa = PBXFileReference; fileEncoding = 4; lastKnownFileType = text; path = lesson_07_frament.glsl; sourceTree = "<group>"; };
		DC4764E8296D483C005D1EDE /* opengl_texture.cpp */ = {isa = PBXFileReference; lastKnownFileType = sourcecode.cpp.cpp; path = opengl_texture.cpp; sourceTree = "<group>"; };
		DC4764E9296D483C005D1EDE /* opengl_texture.hpp */ = {isa = PBXFileReference; lastKnownFileType = sourcecode.cpp.h; path = opengl_texture.hpp; sourceTree = "<group>"; };
		DCF4B4B72966D017000F4107 /* lesson_01_window.cpp */ = {isa = PBXFileReference; fileEncoding = 4; lastKnownFileType = sourcecode.cpp.cpp; path = lesson_01_window.cpp; sourceTree = "<group>"; };
		DCF4B4B82966D017000F4107 /* lesson_01_window.hpp */ = {isa = PBXFileReference; fileEncoding = 4; lastKnownFileType = sourcecode.cpp.h; path = lesson_01_window.hpp; sourceTree = "<group>"; };
/* End PBXFileReference section */

/* Begin PBXFrameworksBuildPhase section */
		050CB32F29665AB9005A1946 /* Frameworks */ = {
			isa = PBXFrameworksBuildPhase;
			buildActionMask = 2147483647;
			files = (
				050CB33E29665D17005A1946 /* OpenGL.framework in Frameworks */,
				DCF4B4AE2966C7CA000F4107 /* libglfw3.a in Frameworks */,
				DCF4B4AF2966C874000F4107 /* Cocoa.framework in Frameworks */,
				DCF4B4B02966C87F000F4107 /* IOKit.framework in Frameworks */,
			);
			runOnlyForDeploymentPostprocessing = 0;
		};
/* End PBXFrameworksBuildPhase section */

/* Begin PBXGroup section */
		050CB32929665AB9005A1946 = {
			isa = PBXGroup;
			children = (
				DC4764D0296A913F005D1EDE /* resources */,
				05831E942966B905006773FA /* lib */,
				050CB33429665AB9005A1946 /* learn_opengl */,
				050CB33329665AB9005A1946 /* Products */,
				050CB33C29665D17005A1946 /* Frameworks */,
			);
			sourceTree = "<group>";
		};
		050CB33329665AB9005A1946 /* Products */ = {
			isa = PBXGroup;
			children = (
				050CB33229665AB9005A1946 /* learn_opengl */,
			);
			name = Products;
			sourceTree = "<group>";
		};
		050CB33429665AB9005A1946 /* learn_opengl */ = {
			isa = PBXGroup;
			children = (
				DC4764D3296A9A98005D1EDE /* glsl */,
				DC4764772969D930005D1EDE /* shared */,
				DCF4B4B62966D017000F4107 /* lesson */,
				050CB33529665AB9005A1946 /* main.cpp */,
			);
			path = learn_opengl;
			sourceTree = "<group>";
		};
		050CB33C29665D17005A1946 /* Frameworks */ = {
			isa = PBXGroup;
			children = (
				05831EB02966BA84006773FA /* IOKit.framework */,
				05831EAE2966BA23006773FA /* Cocoa.framework */,
				050CB33F29665D44005A1946 /* libglfw.3.3.dylib */,
				050CB33D29665D17005A1946 /* OpenGL.framework */,
			);
			name = Frameworks;
			sourceTree = "<group>";
		};
		05831E942966B905006773FA /* lib */ = {
			isa = PBXGroup;
			children = (
				05831E952966B905006773FA /* glad */,
				05831E9D2966B905006773FA /* glfw */,
			);
			path = lib;
			sourceTree = "<group>";
		};
		05831E952966B905006773FA /* glad */ = {
			isa = PBXGroup;
			children = (
				05831E9B2966B905006773FA /* src */,
			);
			path = glad;
			sourceTree = "<group>";
		};
		05831E9B2966B905006773FA /* src */ = {
			isa = PBXGroup;
			children = (
				05831E9C2966B905006773FA /* glad.c */,
			);
			path = src;
			sourceTree = "<group>";
		};
		05831E9D2966B905006773FA /* glfw */ = {
			isa = PBXGroup;
			children = (
				05831EA22966B905006773FA /* lib */,
			);
			path = glfw;
			sourceTree = "<group>";
		};
		05831EA22966B905006773FA /* lib */ = {
			isa = PBXGroup;
			children = (
				05831EAB2966B905006773FA /* libglfw3.a */,
			);
			path = lib;
			sourceTree = "<group>";
		};
		DC4764772969D930005D1EDE /* shared */ = {
			isa = PBXGroup;
			children = (
				DC4764782969D951005D1EDE /* opengl_graphic_window.cpp */,
				DC4764792969D951005D1EDE /* opengl_graphic_window.hpp */,
				DC47647B2969DB2B005D1EDE /* opengl_glsl_lang.cpp */,
				DC47647C2969DB2B005D1EDE /* opengl_glsl_lang.hpp */,
				DC4764E8296D483C005D1EDE /* opengl_texture.cpp */,
				DC4764E9296D483C005D1EDE /* opengl_texture.hpp */,
			);
			path = shared;
			sourceTree = "<group>";
		};
		DC4764D0296A913F005D1EDE /* resources */ = {
			isa = PBXGroup;
			children = (
				DC4764D8296AB1CA005D1EDE /* awesomeface.png */,
				DC4764D1296A913F005D1EDE /* wall.jpg */,
			);
			name = resources;
			path = learn_opengl/resources;
			sourceTree = "<group>";
		};
		DC4764D3296A9A98005D1EDE /* glsl */ = {
			isa = PBXGroup;
			children = (
				DC4764E7296D2D5F005D1EDE /* lesson_07_frament.glsl */,
				DC4764E6296D2D5F005D1EDE /* lesson_07_vertex.glsl */,
				DC4764DE296BDEEC005D1EDE /* lesson_06_frament.glsl */,
				DC4764DF296BDEEC005D1EDE /* lesson_06_vertex.glsl */,
				DC4764D5296A9B22005D1EDE /* lesson_05_frament.glsl */,
				DC4764D4296A9AE2005D1EDE /* lesson_05_vertex.glsl */,
			);
			path = glsl;
			sourceTree = "<group>";
		};
		DCF4B4B62966D017000F4107 /* lesson */ = {
			isa = PBXGroup;
			children = (
				DCF4B4B72966D017000F4107 /* lesson_01_window.cpp */,
				DCF4B4B82966D017000F4107 /* lesson_01_window.hpp */,
				DC4763922967E588005D1EDE /* lesson_02_triangle.cpp */,
				DC4763932967E588005D1EDE /* lesson_02_triangle.hpp */,
				DC4764742969714C005D1EDE /* lesson_03_rectangle.cpp */,
				DC4764752969714C005D1EDE /* lesson_03_rectangle.hpp */,
				DC47647E296A562C005D1EDE /* lesson_04_vertex.cpp */,
				DC47647F296A562C005D1EDE /* lesson_04_vertex.hpp */,
				DC476481296A75D1005D1EDE /* lesson_05_texture.cpp */,
				DC476482296A75D1005D1EDE /* lesson_05_texture.hpp */,
				DC4764DB296BDB47005D1EDE /* lesson_06_transform.cpp */,
				DC4764DC296BDB47005D1EDE /* lesson_06_transform.hpp */,
				DC4764E3296D2D23005D1EDE /* lesson_07_cube.cpp */,
				DC4764E4296D2D23005D1EDE /* lesson_07_cube.hpp */,
			);
			path = lesson;
			sourceTree = "<group>";
		};
/* End PBXGroup section */

/* Begin PBXNativeTarget section */
		050CB33129665AB9005A1946 /* learn_opengl */ = {
			isa = PBXNativeTarget;
			buildConfigurationList = 050CB33929665AB9005A1946 /* Build configuration list for PBXNativeTarget "learn_opengl" */;
			buildPhases = (
				050CB32E29665AB9005A1946 /* Sources */,
				050CB32F29665AB9005A1946 /* Frameworks */,
				050CB33029665AB9005A1946 /* CopyFiles */,
				DC4764DA296AB6C5005D1EDE /* ShellScript */,
			);
			buildRules = (
			);
			dependencies = (
			);
			name = learn_opengl;
			productName = learn_opengl;
			productReference = 050CB33229665AB9005A1946 /* learn_opengl */;
			productType = "com.apple.product-type.tool";
		};
/* End PBXNativeTarget section */

/* Begin PBXProject section */
		050CB32A29665AB9005A1946 /* Project object */ = {
			isa = PBXProject;
			attributes = {
				BuildIndependentTargetsInParallel = 1;
				LastUpgradeCheck = 1420;
				TargetAttributes = {
					050CB33129665AB9005A1946 = {
						CreatedOnToolsVersion = 14.0.1;
					};
				};
			};
			buildConfigurationList = 050CB32D29665AB9005A1946 /* Build configuration list for PBXProject "learn_opengl" */;
			compatibilityVersion = "Xcode 14.0";
			developmentRegion = en;
			hasScannedForEncodings = 0;
			knownRegions = (
				en,
				Base,
			);
			mainGroup = 050CB32929665AB9005A1946;
			productRefGroup = 050CB33329665AB9005A1946 /* Products */;
			projectDirPath = "";
			projectRoot = "";
			targets = (
				050CB33129665AB9005A1946 /* learn_opengl */,
			);
		};
/* End PBXProject section */

/* Begin PBXShellScriptBuildPhase section */
		DC4764DA296AB6C5005D1EDE /* ShellScript */ = {
			isa = PBXShellScriptBuildPhase;
			buildActionMask = 12;
			files = (
			);
			inputFileListPaths = (
			);
			inputPaths = (
			);
			outputFileListPaths = (
			);
			outputPaths = (
			);
			runOnlyForDeploymentPostprocessing = 0;
			shellPath = /bin/sh;
			shellScript = "echo \"run script\"\ncp -rf $SRCROOT/learn_opengl/resources/* $BUILT_PRODUCTS_DIR\ncp -rf $SRCROOT/learn_opengl/glsl/* $BUILT_PRODUCTS_DIR\necho $BUILT_PRODUCTS_DIR\n";
		};
/* End PBXShellScriptBuildPhase section */

/* Begin PBXSourcesBuildPhase section */
		050CB32E29665AB9005A1946 /* Sources */ = {
			isa = PBXSourcesBuildPhase;
			buildActionMask = 2147483647;
			files = (
				DC4764EA296D483C005D1EDE /* opengl_texture.cpp in Sources */,
				DC476483296A75D1005D1EDE /* lesson_05_texture.cpp in Sources */,
				050CB33629665AB9005A1946 /* main.cpp in Sources */,
				DC476480296A562C005D1EDE /* lesson_04_vertex.cpp in Sources */,
				DCF4B4B92966D017000F4107 /* lesson_01_window.cpp in Sources */,
				DC4764DD296BDB47005D1EDE /* lesson_06_transform.cpp in Sources */,
				05831EAC2966B905006773FA /* glad.c in Sources */,
				DC4764E5296D2D23005D1EDE /* lesson_07_cube.cpp in Sources */,
				DC4764762969714C005D1EDE /* lesson_03_rectangle.cpp in Sources */,
				DC47647D2969DB2B005D1EDE /* opengl_glsl_lang.cpp in Sources */,
				DC47647A2969D951005D1EDE /* opengl_graphic_window.cpp in Sources */,
				DC4763942967E588005D1EDE /* lesson_02_triangle.cpp in Sources */,
			);
			runOnlyForDeploymentPostprocessing = 0;
		};
/* End PBXSourcesBuildPhase section */

/* Begin XCBuildConfiguration section */
		050CB33729665AB9005A1946 /* Debug */ = {
			isa = XCBuildConfiguration;
			buildSettings = {
				ALWAYS_SEARCH_USER_PATHS = NO;
				CLANG_ANALYZER_NONNULL = YES;
				CLANG_ANALYZER_NUMBER_OBJECT_CONVERSION = YES_AGGRESSIVE;
				CLANG_CXX_LANGUAGE_STANDARD = "gnu++20";
				CLANG_ENABLE_MODULES = YES;
				CLANG_ENABLE_OBJC_ARC = YES;
				CLANG_ENABLE_OBJC_WEAK = YES;
				CLANG_WARN_BLOCK_CAPTURE_AUTORELEASING = YES;
				CLANG_WARN_BOOL_CONVERSION = YES;
				CLANG_WARN_COMMA = YES;
				CLANG_WARN_CONSTANT_CONVERSION = YES;
				CLANG_WARN_DEPRECATED_OBJC_IMPLEMENTATIONS = YES;
				CLANG_WARN_DIRECT_OBJC_ISA_USAGE = YES_ERROR;
				CLANG_WARN_DOCUMENTATION_COMMENTS = YES;
				CLANG_WARN_EMPTY_BODY = YES;
				CLANG_WARN_ENUM_CONVERSION = YES;
				CLANG_WARN_INFINITE_RECURSION = YES;
				CLANG_WARN_INT_CONVERSION = YES;
				CLANG_WARN_NON_LITERAL_NULL_CONVERSION = YES;
				CLANG_WARN_OBJC_IMPLICIT_RETAIN_SELF = YES;
				CLANG_WARN_OBJC_LITERAL_CONVERSION = YES;
				CLANG_WARN_OBJC_ROOT_CLASS = YES_ERROR;
				CLANG_WARN_QUOTED_INCLUDE_IN_FRAMEWORK_HEADER = YES;
				CLANG_WARN_RANGE_LOOP_ANALYSIS = YES;
				CLANG_WARN_STRICT_PROTOTYPES = YES;
				CLANG_WARN_SUSPICIOUS_MOVE = YES;
				CLANG_WARN_UNGUARDED_AVAILABILITY = YES_AGGRESSIVE;
				CLANG_WARN_UNREACHABLE_CODE = YES;
				CLANG_WARN__DUPLICATE_METHOD_MATCH = YES;
				COPY_PHASE_STRIP = NO;
				DEAD_CODE_STRIPPING = YES;
				DEBUG_INFORMATION_FORMAT = dwarf;
				ENABLE_STRICT_OBJC_MSGSEND = YES;
				ENABLE_TESTABILITY = YES;
				GCC_C_LANGUAGE_STANDARD = gnu11;
				GCC_DYNAMIC_NO_PIC = NO;
				GCC_NO_COMMON_BLOCKS = YES;
				GCC_OPTIMIZATION_LEVEL = 0;
				GCC_PREPROCESSOR_DEFINITIONS = (
					"DEBUG=1",
					"$(inherited)",
				);
				GCC_WARN_64_TO_32_BIT_CONVERSION = YES;
				GCC_WARN_ABOUT_RETURN_TYPE = YES_ERROR;
				GCC_WARN_UNDECLARED_SELECTOR = YES;
				GCC_WARN_UNINITIALIZED_AUTOS = YES_AGGRESSIVE;
				GCC_WARN_UNUSED_FUNCTION = YES;
				GCC_WARN_UNUSED_VARIABLE = YES;
				MACOSX_DEPLOYMENT_TARGET = 12.3;
				MTL_ENABLE_DEBUG_INFO = INCLUDE_SOURCE;
				MTL_FAST_MATH = YES;
				ONLY_ACTIVE_ARCH = YES;
				SDKROOT = macosx;
			};
			name = Debug;
		};
		050CB33829665AB9005A1946 /* Release */ = {
			isa = XCBuildConfiguration;
			buildSettings = {
				ALWAYS_SEARCH_USER_PATHS = NO;
				CLANG_ANALYZER_NONNULL = YES;
				CLANG_ANALYZER_NUMBER_OBJECT_CONVERSION = YES_AGGRESSIVE;
				CLANG_CXX_LANGUAGE_STANDARD = "gnu++20";
				CLANG_ENABLE_MODULES = YES;
				CLANG_ENABLE_OBJC_ARC = YES;
				CLANG_ENABLE_OBJC_WEAK = YES;
				CLANG_WARN_BLOCK_CAPTURE_AUTORELEASING = YES;
				CLANG_WARN_BOOL_CONVERSION = YES;
				CLANG_WARN_COMMA = YES;
				CLANG_WARN_CONSTANT_CONVERSION = YES;
				CLANG_WARN_DEPRECATED_OBJC_IMPLEMENTATIONS = YES;
				CLANG_WARN_DIRECT_OBJC_ISA_USAGE = YES_ERROR;
				CLANG_WARN_DOCUMENTATION_COMMENTS = YES;
				CLANG_WARN_EMPTY_BODY = YES;
				CLANG_WARN_ENUM_CONVERSION = YES;
				CLANG_WARN_INFINITE_RECURSION = YES;
				CLANG_WARN_INT_CONVERSION = YES;
				CLANG_WARN_NON_LITERAL_NULL_CONVERSION = YES;
				CLANG_WARN_OBJC_IMPLICIT_RETAIN_SELF = YES;
				CLANG_WARN_OBJC_LITERAL_CONVERSION = YES;
				CLANG_WARN_OBJC_ROOT_CLASS = YES_ERROR;
				CLANG_WARN_QUOTED_INCLUDE_IN_FRAMEWORK_HEADER = YES;
				CLANG_WARN_RANGE_LOOP_ANALYSIS = YES;
				CLANG_WARN_STRICT_PROTOTYPES = YES;
				CLANG_WARN_SUSPICIOUS_MOVE = YES;
				CLANG_WARN_UNGUARDED_AVAILABILITY = YES_AGGRESSIVE;
				CLANG_WARN_UNREACHABLE_CODE = YES;
				CLANG_WARN__DUPLICATE_METHOD_MATCH = YES;
				COPY_PHASE_STRIP = NO;
				DEAD_CODE_STRIPPING = YES;
				DEBUG_INFORMATION_FORMAT = "dwarf-with-dsym";
				ENABLE_NS_ASSERTIONS = NO;
				ENABLE_STRICT_OBJC_MSGSEND = YES;
				GCC_C_LANGUAGE_STANDARD = gnu11;
				GCC_NO_COMMON_BLOCKS = YES;
				GCC_WARN_64_TO_32_BIT_CONVERSION = YES;
				GCC_WARN_ABOUT_RETURN_TYPE = YES_ERROR;
				GCC_WARN_UNDECLARED_SELECTOR = YES;
				GCC_WARN_UNINITIALIZED_AUTOS = YES_AGGRESSIVE;
				GCC_WARN_UNUSED_FUNCTION = YES;
				GCC_WARN_UNUSED_VARIABLE = YES;
				MACOSX_DEPLOYMENT_TARGET = 12.3;
				MTL_ENABLE_DEBUG_INFO = NO;
				MTL_FAST_MATH = YES;
				SDKROOT = macosx;
			};
			name = Release;
		};
		050CB33A29665AB9005A1946 /* Debug */ = {
			isa = XCBuildConfiguration;
			buildSettings = {
				CODE_SIGN_IDENTITY = "-";
				CODE_SIGN_STYLE = Automatic;
				DEAD_CODE_STRIPPING = YES;
				HEADER_SEARCH_PATHS = "$(PROJECT_DIR)/lib/**";
				LIBRARY_SEARCH_PATHS = (
					"$(inherited)",
					"$(PROJECT_DIR)/lib/glfw/lib",
				);
				MACOSX_DEPLOYMENT_TARGET = 13.0;
				PRODUCT_NAME = "$(TARGET_NAME)";
			};
			name = Debug;
		};
		050CB33B29665AB9005A1946 /* Release */ = {
			isa = XCBuildConfiguration;
			buildSettings = {
				CODE_SIGN_IDENTITY = "-";
				CODE_SIGN_STYLE = Automatic;
				DEAD_CODE_STRIPPING = YES;
				HEADER_SEARCH_PATHS = "$(PROJECT_DIR)/lib/**";
				LIBRARY_SEARCH_PATHS = (
					"$(inherited)",
					"$(PROJECT_DIR)/lib/glfw/lib",
				);
				MACOSX_DEPLOYMENT_TARGET = 13.0;
				PRODUCT_NAME = "$(TARGET_NAME)";
			};
			name = Release;
		};
/* End XCBuildConfiguration section */

/* Begin XCConfigurationList section */
		050CB32D29665AB9005A1946 /* Build configuration list for PBXProject "learn_opengl" */ = {
			isa = XCConfigurationList;
			buildConfigurations = (
				050CB33729665AB9005A1946 /* Debug */,
				050CB33829665AB9005A1946 /* Release */,
			);
			defaultConfigurationIsVisible = 0;
			defaultConfigurationName = Release;
		};
		050CB33929665AB9005A1946 /* Build configuration list for PBXNativeTarget "learn_opengl" */ = {
			isa = XCConfigurationList;
			buildConfigurations = (
				050CB33A29665AB9005A1946 /* Debug */,
				050CB33B29665AB9005A1946 /* Release */,
			);
			defaultConfigurationIsVisible = 0;
			defaultConfigurationName = Release;
		};
/* End XCConfigurationList section */
	};
	rootObject = 050CB32A29665AB9005A1946 /* Project object */;
}
