// !$*UTF8*$!
{
	archiveVersion = 1;
	classes = {
	};
	objectVersion = 50;
	objects = {

/* Begin PBXBuildFile section */
		05651C162599ED560022ED6E /* PthreadTesting.m in Sources */ = {isa = PBXBuildFile; fileRef = 05651C152599ED560022ED6E /* PthreadTesting.m */; };
		05651C1D2599EDA00022ED6E /* ProducerAndConsumerSemaphoreTesting.m in Sources */ = {isa = PBXBuildFile; fileRef = 05651BD0259792F00022ED6E /* ProducerAndConsumerSemaphoreTesting.m */; };
		05651C1F2599EDA30022ED6E /* ProducerAndConsumerTesting.m in Sources */ = {isa = PBXBuildFile; fileRef = 05651BC8259770B80022ED6E /* ProducerAndConsumerTesting.m */; };
		05651C212599EDA50022ED6E /* JoinSemaphoreTesting.m in Sources */ = {isa = PBXBuildFile; fileRef = 05651BCB2597879A0022ED6E /* JoinSemaphoreTesting.m */; };
		05651C222599EDA70022ED6E /* JoinPthreadTesting.m in Sources */ = {isa = PBXBuildFile; fileRef = 05651BC0259767710022ED6E /* JoinPthreadTesting.m */; };
/* End PBXBuildFile section */

/* Begin PBXFileReference section */
		05651BC0259767710022ED6E /* JoinPthreadTesting.m */ = {isa = PBXFileReference; lastKnownFileType = sourcecode.c.objc; path = JoinPthreadTesting.m; sourceTree = "<group>"; };
		05651BC8259770B80022ED6E /* ProducerAndConsumerTesting.m */ = {isa = PBXFileReference; lastKnownFileType = sourcecode.c.objc; path = ProducerAndConsumerTesting.m; sourceTree = "<group>"; };
		05651BCB2597879A0022ED6E /* JoinSemaphoreTesting.m */ = {isa = PBXFileReference; lastKnownFileType = sourcecode.c.objc; path = JoinSemaphoreTesting.m; sourceTree = "<group>"; };
		05651BD0259792F00022ED6E /* ProducerAndConsumerSemaphoreTesting.m */ = {isa = PBXFileReference; lastKnownFileType = sourcecode.c.objc; path = ProducerAndConsumerSemaphoreTesting.m; sourceTree = "<group>"; };
		05651C132599ED560022ED6E /* PthreadTesting.xctest */ = {isa = PBXFileReference; explicitFileType = wrapper.cfbundle; includeInIndex = 0; name = PthreadTesting.xctest; path = /Users/dean/Developer/geemaple.github.io/__dev__/iOS/Pthread/build/Debug/PthreadTesting.xctest; sourceTree = "<absolute>"; };
		05651C152599ED560022ED6E /* PthreadTesting.m */ = {isa = PBXFileReference; lastKnownFileType = sourcecode.c.objc; path = PthreadTesting.m; sourceTree = "<group>"; };
		05651C172599ED560022ED6E /* Info.plist */ = {isa = PBXFileReference; lastKnownFileType = text.plist.xml; path = Info.plist; sourceTree = "<group>"; };
/* End PBXFileReference section */

/* Begin PBXFrameworksBuildPhase section */
		05651C102599ED560022ED6E /* Frameworks */ = {
			isa = PBXFrameworksBuildPhase;
			buildActionMask = 2147483647;
			files = (
			);
			runOnlyForDeploymentPostprocessing = 0;
		};
/* End PBXFrameworksBuildPhase section */

/* Begin PBXGroup section */
		05651B6F259764640022ED6E = {
			isa = PBXGroup;
			children = (
				05651B7A259764640022ED6E /* Pthread */,
				05651BBF259767710022ED6E /* PthreadTesting */,
			);
			sourceTree = "<group>";
		};
		05651B7A259764640022ED6E /* Pthread */ = {
			isa = PBXGroup;
			children = (
			);
			path = Pthread;
			sourceTree = "<group>";
		};
		05651BBF259767710022ED6E /* PthreadTesting */ = {
			isa = PBXGroup;
			children = (
				05651C152599ED560022ED6E /* PthreadTesting.m */,
				05651C172599ED560022ED6E /* Info.plist */,
				05651BC0259767710022ED6E /* JoinPthreadTesting.m */,
				05651BCB2597879A0022ED6E /* JoinSemaphoreTesting.m */,
				05651BC8259770B80022ED6E /* ProducerAndConsumerTesting.m */,
				05651BD0259792F00022ED6E /* ProducerAndConsumerSemaphoreTesting.m */,
			);
			path = PthreadTesting;
			sourceTree = "<group>";
		};
/* End PBXGroup section */

/* Begin PBXNativeTarget section */
		05651C122599ED560022ED6E /* PthreadTesting */ = {
			isa = PBXNativeTarget;
			buildConfigurationList = 05651C182599ED560022ED6E /* Build configuration list for PBXNativeTarget "PthreadTesting" */;
			buildPhases = (
				05651C0F2599ED560022ED6E /* Sources */,
				05651C102599ED560022ED6E /* Frameworks */,
				05651C112599ED560022ED6E /* Resources */,
			);
			buildRules = (
			);
			dependencies = (
			);
			name = PthreadTesting;
			productName = PthreadTesting;
			productReference = 05651C132599ED560022ED6E /* PthreadTesting.xctest */;
			productType = "com.apple.product-type.bundle.unit-test";
		};
/* End PBXNativeTarget section */

/* Begin PBXProject section */
		05651B70259764640022ED6E /* Project object */ = {
			isa = PBXProject;
			attributes = {
				LastUpgradeCheck = 1230;
				TargetAttributes = {
					05651C122599ED560022ED6E = {
						CreatedOnToolsVersion = 12.3;
					};
				};
			};
			buildConfigurationList = 05651B73259764640022ED6E /* Build configuration list for PBXProject "Pthread" */;
			compatibilityVersion = "Xcode 9.3";
			developmentRegion = en;
			hasScannedForEncodings = 0;
			knownRegions = (
				en,
				Base,
			);
			mainGroup = 05651B6F259764640022ED6E;
			productRefGroup = 05651B6F259764640022ED6E;
			projectDirPath = "";
			projectRoot = "";
			targets = (
				05651C122599ED560022ED6E /* PthreadTesting */,
			);
		};
/* End PBXProject section */

/* Begin PBXResourcesBuildPhase section */
		05651C112599ED560022ED6E /* Resources */ = {
			isa = PBXResourcesBuildPhase;
			buildActionMask = 2147483647;
			files = (
			);
			runOnlyForDeploymentPostprocessing = 0;
		};
/* End PBXResourcesBuildPhase section */

/* Begin PBXSourcesBuildPhase section */
		05651C0F2599ED560022ED6E /* Sources */ = {
			isa = PBXSourcesBuildPhase;
			buildActionMask = 2147483647;
			files = (
				05651C162599ED560022ED6E /* PthreadTesting.m in Sources */,
				05651C222599EDA70022ED6E /* JoinPthreadTesting.m in Sources */,
				05651C1D2599EDA00022ED6E /* ProducerAndConsumerSemaphoreTesting.m in Sources */,
				05651C1F2599EDA30022ED6E /* ProducerAndConsumerTesting.m in Sources */,
				05651C212599EDA50022ED6E /* JoinSemaphoreTesting.m in Sources */,
			);
			runOnlyForDeploymentPostprocessing = 0;
		};
/* End PBXSourcesBuildPhase section */

/* Begin XCBuildConfiguration section */
		05651B7D259764640022ED6E /* Debug */ = {
			isa = XCBuildConfiguration;
			buildSettings = {
				ALWAYS_SEARCH_USER_PATHS = NO;
				CLANG_ANALYZER_NONNULL = YES;
				CLANG_ANALYZER_NUMBER_OBJECT_CONVERSION = YES_AGGRESSIVE;
				CLANG_CXX_LANGUAGE_STANDARD = "gnu++14";
				CLANG_CXX_LIBRARY = "libc++";
				CLANG_ENABLE_MODULES = YES;
				CLANG_ENABLE_OBJC_ARC = YES;
				CLANG_ENABLE_OBJC_WEAK = YES;
				CLANG_WARN_BLOCK_CAPTURE_AUTORELEASING = YES;
				CLANG_WARN_BOOL_CONVERSION = YES;
				CLANG_WARN_COMMA = YES;
				CLANG_WARN_CONSTANT_CONVERSION = YES;
				CLANG_WARN_DEPRECATED_OBJC_IMPLEMENTATIONS = YES;
				CLANG_WARN_DIRECT_OBJC_ISA_USAGE = YES_ERROR;
				CLANG_WARN_DOCUMENTATION_COMMENTS = YES;
				CLANG_WARN_EMPTY_BODY = YES;
				CLANG_WARN_ENUM_CONVERSION = YES;
				CLANG_WARN_INFINITE_RECURSION = YES;
				CLANG_WARN_INT_CONVERSION = YES;
				CLANG_WARN_NON_LITERAL_NULL_CONVERSION = YES;
				CLANG_WARN_OBJC_IMPLICIT_RETAIN_SELF = YES;
				CLANG_WARN_OBJC_LITERAL_CONVERSION = YES;
				CLANG_WARN_OBJC_ROOT_CLASS = YES_ERROR;
				CLANG_WARN_QUOTED_INCLUDE_IN_FRAMEWORK_HEADER = YES;
				CLANG_WARN_RANGE_LOOP_ANALYSIS = YES;
				CLANG_WARN_STRICT_PROTOTYPES = YES;
				CLANG_WARN_SUSPICIOUS_MOVE = YES;
				CLANG_WARN_UNGUARDED_AVAILABILITY = YES_AGGRESSIVE;
				CLANG_WARN_UNREACHABLE_CODE = YES;
				CLANG_WARN__DUPLICATE_METHOD_MATCH = YES;
				COPY_PHASE_STRIP = NO;
				DEBUG_INFORMATION_FORMAT = dwarf;
				ENABLE_STRICT_OBJC_MSGSEND = YES;
				ENABLE_TESTABILITY = YES;
				GCC_C_LANGUAGE_STANDARD = gnu11;
				GCC_DYNAMIC_NO_PIC = NO;
				GCC_NO_COMMON_BLOCKS = YES;
				GCC_OPTIMIZATION_LEVEL = 0;
				GCC_PREPROCESSOR_DEFINITIONS = (
					"DEBUG=1",
					"$(inherited)",
				);
				GCC_WARN_64_TO_32_BIT_CONVERSION = YES;
				GCC_WARN_ABOUT_RETURN_TYPE = YES_ERROR;
				GCC_WARN_UNDECLARED_SELECTOR = YES;
				GCC_WARN_UNINITIALIZED_AUTOS = YES_AGGRESSIVE;
				GCC_WARN_UNUSED_FUNCTION = YES;
				GCC_WARN_UNUSED_VARIABLE = YES;
				MACOSX_DEPLOYMENT_TARGET = 11.1;
				MTL_ENABLE_DEBUG_INFO = INCLUDE_SOURCE;
				MTL_FAST_MATH = YES;
				ONLY_ACTIVE_ARCH = YES;
				SDKROOT = macosx;
			};
			name = Debug;
		};
		05651B7E259764640022ED6E /* Release */ = {
			isa = XCBuildConfiguration;
			buildSettings = {
				ALWAYS_SEARCH_USER_PATHS = NO;
				CLANG_ANALYZER_NONNULL = YES;
				CLANG_ANALYZER_NUMBER_OBJECT_CONVERSION = YES_AGGRESSIVE;
				CLANG_CXX_LANGUAGE_STANDARD = "gnu++14";
				CLANG_CXX_LIBRARY = "libc++";
				CLANG_ENABLE_MODULES = YES;
				CLANG_ENABLE_OBJC_ARC = YES;
				CLANG_ENABLE_OBJC_WEAK = YES;
				CLANG_WARN_BLOCK_CAPTURE_AUTORELEASING = YES;
				CLANG_WARN_BOOL_CONVERSION = YES;
				CLANG_WARN_COMMA = YES;
				CLANG_WARN_CONSTANT_CONVERSION = YES;
				CLANG_WARN_DEPRECATED_OBJC_IMPLEMENTATIONS = YES;
				CLANG_WARN_DIRECT_OBJC_ISA_USAGE = YES_ERROR;
				CLANG_WARN_DOCUMENTATION_COMMENTS = YES;
				CLANG_WARN_EMPTY_BODY = YES;
				CLANG_WARN_ENUM_CONVERSION = YES;
				CLANG_WARN_INFINITE_RECURSION = YES;
				CLANG_WARN_INT_CONVERSION = YES;
				CLANG_WARN_NON_LITERAL_NULL_CONVERSION = YES;
				CLANG_WARN_OBJC_IMPLICIT_RETAIN_SELF = YES;
				CLANG_WARN_OBJC_LITERAL_CONVERSION = YES;
				CLANG_WARN_OBJC_ROOT_CLASS = YES_ERROR;
				CLANG_WARN_QUOTED_INCLUDE_IN_FRAMEWORK_HEADER = YES;
				CLANG_WARN_RANGE_LOOP_ANALYSIS = YES;
				CLANG_WARN_STRICT_PROTOTYPES = YES;
				CLANG_WARN_SUSPICIOUS_MOVE = YES;
				CLANG_WARN_UNGUARDED_AVAILABILITY = YES_AGGRESSIVE;
				CLANG_WARN_UNREACHABLE_CODE = YES;
				CLANG_WARN__DUPLICATE_METHOD_MATCH = YES;
				COPY_PHASE_STRIP = NO;
				DEBUG_INFORMATION_FORMAT = "dwarf-with-dsym";
				ENABLE_NS_ASSERTIONS = NO;
				ENABLE_STRICT_OBJC_MSGSEND = YES;
				GCC_C_LANGUAGE_STANDARD = gnu11;
				GCC_NO_COMMON_BLOCKS = YES;
				GCC_WARN_64_TO_32_BIT_CONVERSION = YES;
				GCC_WARN_ABOUT_RETURN_TYPE = YES_ERROR;
				GCC_WARN_UNDECLARED_SELECTOR = YES;
				GCC_WARN_UNINITIALIZED_AUTOS = YES_AGGRESSIVE;
				GCC_WARN_UNUSED_FUNCTION = YES;
				GCC_WARN_UNUSED_VARIABLE = YES;
				MACOSX_DEPLOYMENT_TARGET = 11.1;
				MTL_ENABLE_DEBUG_INFO = NO;
				MTL_FAST_MATH = YES;
				SDKROOT = macosx;
			};
			name = Release;
		};
		05651C192599ED560022ED6E /* Debug */ = {
			isa = XCBuildConfiguration;
			buildSettings = {
				CODE_SIGN_STYLE = Automatic;
				COMBINE_HIDPI_IMAGES = YES;
				INFOPLIST_FILE = PthreadTesting/Info.plist;
				LD_RUNPATH_SEARCH_PATHS = (
					"$(inherited)",
					"@executable_path/../Frameworks",
					"@loader_path/../Frameworks",
				);
				PRODUCT_BUNDLE_IDENTIFIER = mogoal.PthreadTesting;
				PRODUCT_NAME = "$(TARGET_NAME)";
			};
			name = Debug;
		};
		05651C1A2599ED560022ED6E /* Release */ = {
			isa = XCBuildConfiguration;
			buildSettings = {
				CODE_SIGN_STYLE = Automatic;
				COMBINE_HIDPI_IMAGES = YES;
				INFOPLIST_FILE = PthreadTesting/Info.plist;
				LD_RUNPATH_SEARCH_PATHS = (
					"$(inherited)",
					"@executable_path/../Frameworks",
					"@loader_path/../Frameworks",
				);
				PRODUCT_BUNDLE_IDENTIFIER = mogoal.PthreadTesting;
				PRODUCT_NAME = "$(TARGET_NAME)";
			};
			name = Release;
		};
/* End XCBuildConfiguration section */

/* Begin XCConfigurationList section */
		05651B73259764640022ED6E /* Build configuration list for PBXProject "Pthread" */ = {
			isa = XCConfigurationList;
			buildConfigurations = (
				05651B7D259764640022ED6E /* Debug */,
				05651B7E259764640022ED6E /* Release */,
			);
			defaultConfigurationIsVisible = 0;
			defaultConfigurationName = Release;
		};
		05651C182599ED560022ED6E /* Build configuration list for PBXNativeTarget "PthreadTesting" */ = {
			isa = XCConfigurationList;
			buildConfigurations = (
				05651C192599ED560022ED6E /* Debug */,
				05651C1A2599ED560022ED6E /* Release */,
			);
			defaultConfigurationIsVisible = 0;
			defaultConfigurationName = Release;
		};
/* End XCConfigurationList section */
	};
	rootObject = 05651B70259764640022ED6E /* Project object */;
}
