// !$*UTF8*$!
{
	archiveVersion = 1;
	classes = {
	};
	objectVersion = 56;
	objects = {

/* Begin PBXBuildFile section */
		DC4763F1296951FB005D1EDE /* main.m in Sources */ = {isa = PBXBuildFile; fileRef = DC4763F0296951FB005D1EDE /* main.m */; };
		DC47640329695564005D1EDE /* main.m in Sources */ = {isa = PBXBuildFile; fileRef = DC47640229695564005D1EDE /* main.m */; };
		DC47643029695A0D005D1EDE /* BlockWarmUps.mm in Sources */ = {isa = PBXBuildFile; fileRef = DC47641E29695A0D005D1EDE /* BlockWarmUps.mm */; };
		DC47643129695A0D005D1EDE /* SizingWarmUps.mm in Sources */ = {isa = PBXBuildFile; fileRef = DC47641F29695A0D005D1EDE /* SizingWarmUps.mm */; };
		DC47643229695A0D005D1EDE /* CategoryWarmUps.m in Sources */ = {isa = PBXBuildFile; fileRef = DC47642029695A0D005D1EDE /* CategoryWarmUps.m */; };
		DC47643329695A0D005D1EDE /* UndefinedWarmUps.m in Sources */ = {isa = PBXBuildFile; fileRef = DC47642129695A0D005D1EDE /* UndefinedWarmUps.m */; };
		DC47643429695A0D005D1EDE /* MRCTesting.m in Sources */ = {isa = PBXBuildFile; fileRef = DC47642229695A0D005D1EDE /* MRCTesting.m */; settings = {COMPILER_FLAGS = "-fno-objc-arc"; }; };
		DC47643529695A0D005D1EDE /* GCDWarmUps.m in Sources */ = {isa = PBXBuildFile; fileRef = DC47642329695A0D005D1EDE /* GCDWarmUps.m */; };
		DC47643629695A0D005D1EDE /* ObjcBasicsTesting.m in Sources */ = {isa = PBXBuildFile; fileRef = DC47642429695A0D005D1EDE /* ObjcBasicsTesting.m */; };
		DC47643729695A0D005D1EDE /* RuntimeWarmUps.mm in Sources */ = {isa = PBXBuildFile; fileRef = DC47642529695A0D005D1EDE /* RuntimeWarmUps.mm */; };
		DC47643829695A0D005D1EDE /* ARCTesting.m in Sources */ = {isa = PBXBuildFile; fileRef = DC47642629695A0D005D1EDE /* ARCTesting.m */; };
		DC47643929695A0D005D1EDE /* MessagingWarmUps.m in Sources */ = {isa = PBXBuildFile; fileRef = DC47642729695A0D005D1EDE /* MessagingWarmUps.m */; };
		DC47643A29695A0D005D1EDE /* ObjcWarmUpsTesting.m in Sources */ = {isa = PBXBuildFile; fileRef = DC47642829695A0D005D1EDE /* ObjcWarmUpsTesting.m */; };
		DC47643B29695A0D005D1EDE /* ExistingMultiFileClass+TestingOne.m in Sources */ = {isa = PBXBuildFile; fileRef = DC47642B29695A0D005D1EDE /* ExistingMultiFileClass+TestingOne.m */; };
		DC47643C29695A0D005D1EDE /* ExistingMultiFileClass.m in Sources */ = {isa = PBXBuildFile; fileRef = DC47642C29695A0D005D1EDE /* ExistingMultiFileClass.m */; };
		DC47643D29695A0D005D1EDE /* ExistingMultiFileClass+TestingTwo.m in Sources */ = {isa = PBXBuildFile; fileRef = DC47642D29695A0D005D1EDE /* ExistingMultiFileClass+TestingTwo.m */; };
		DC47644929695BF3005D1EDE /* CatAnimal.m in Sources */ = {isa = PBXBuildFile; fileRef = DC47644729695BF3005D1EDE /* CatAnimal.m */; };
		DC47644A29695BF3005D1EDE /* CatAnimal.m in Sources */ = {isa = PBXBuildFile; fileRef = DC47644729695BF3005D1EDE /* CatAnimal.m */; };
		DC47645329695E5B005D1EDE /* main.m in Sources */ = {isa = PBXBuildFile; fileRef = DC47645229695E5B005D1EDE /* main.m */; };
		DC47646529695EDE005D1EDE /* JoinPthreadTesting.m in Sources */ = {isa = PBXBuildFile; fileRef = DC47646129695EDE005D1EDE /* JoinPthreadTesting.m */; };
		DC47646629695EDE005D1EDE /* JoinSemaphoreTesting.m in Sources */ = {isa = PBXBuildFile; fileRef = DC47646229695EDE005D1EDE /* JoinSemaphoreTesting.m */; };
		DC47646729695EDE005D1EDE /* ProducerAndConsumerSemaphoreTesting.m in Sources */ = {isa = PBXBuildFile; fileRef = DC47646329695EDE005D1EDE /* ProducerAndConsumerSemaphoreTesting.m */; };
		DC47646829695EDE005D1EDE /* ProducerAndConsumerTesting.m in Sources */ = {isa = PBXBuildFile; fileRef = DC47646429695EDE005D1EDE /* ProducerAndConsumerTesting.m */; };
		DC47647029695F29005D1EDE /* main.m in Sources */ = {isa = PBXBuildFile; fileRef = DC47646F29695F29005D1EDE /* main.m */; };
/* End PBXBuildFile section */

/* Begin PBXCopyFilesBuildPhase section */
		DC4763EC296951FB005D1EDE /* CopyFiles */ = {
			isa = PBXCopyFilesBuildPhase;
			buildActionMask = 2147483647;
			dstPath = /usr/share/man/man1/;
			dstSubfolderSpec = 0;
			files = (
			);
			runOnlyForDeploymentPostprocessing = 1;
		};
		DC4763FE29695564005D1EDE /* CopyFiles */ = {
			isa = PBXCopyFilesBuildPhase;
			buildActionMask = 2147483647;
			dstPath = /usr/share/man/man1/;
			dstSubfolderSpec = 0;
			files = (
			);
			runOnlyForDeploymentPostprocessing = 1;
		};
		DC47644E29695E5B005D1EDE /* CopyFiles */ = {
			isa = PBXCopyFilesBuildPhase;
			buildActionMask = 2147483647;
			dstPath = /usr/share/man/man1/;
			dstSubfolderSpec = 0;
			files = (
			);
			runOnlyForDeploymentPostprocessing = 1;
		};
		DC47646B29695F29005D1EDE /* CopyFiles */ = {
			isa = PBXCopyFilesBuildPhase;
			buildActionMask = 2147483647;
			dstPath = /usr/share/man/man1/;
			dstSubfolderSpec = 0;
			files = (
			);
			runOnlyForDeploymentPostprocessing = 1;
		};
/* End PBXCopyFilesBuildPhase section */

/* Begin PBXFileReference section */
		DC4763EE296951FB005D1EDE /* class_object */ = {isa = PBXFileReference; explicitFileType = "compiled.mach-o.executable"; includeInIndex = 0; path = class_object; sourceTree = BUILT_PRODUCTS_DIR; };
		DC4763F0296951FB005D1EDE /* main.m */ = {isa = PBXFileReference; lastKnownFileType = sourcecode.c.objc; path = main.m; sourceTree = "<group>"; };
		DC47640029695564005D1EDE /* block */ = {isa = PBXFileReference; explicitFileType = "compiled.mach-o.executable"; includeInIndex = 0; path = block; sourceTree = BUILT_PRODUCTS_DIR; };
		DC47640229695564005D1EDE /* main.m */ = {isa = PBXFileReference; lastKnownFileType = sourcecode.c.objc; path = main.m; sourceTree = "<group>"; };
		DC4764172969594C005D1EDE /* unit_test.xctest */ = {isa = PBXFileReference; explicitFileType = wrapper.cfbundle; includeInIndex = 0; path = unit_test.xctest; sourceTree = BUILT_PRODUCTS_DIR; };
		DC47641E29695A0D005D1EDE /* BlockWarmUps.mm */ = {isa = PBXFileReference; fileEncoding = 4; lastKnownFileType = sourcecode.cpp.objcpp; path = BlockWarmUps.mm; sourceTree = "<group>"; };
		DC47641F29695A0D005D1EDE /* SizingWarmUps.mm */ = {isa = PBXFileReference; fileEncoding = 4; lastKnownFileType = sourcecode.cpp.objcpp; path = SizingWarmUps.mm; sourceTree = "<group>"; };
		DC47642029695A0D005D1EDE /* CategoryWarmUps.m */ = {isa = PBXFileReference; fileEncoding = 4; lastKnownFileType = sourcecode.c.objc; path = CategoryWarmUps.m; sourceTree = "<group>"; };
		DC47642129695A0D005D1EDE /* UndefinedWarmUps.m */ = {isa = PBXFileReference; fileEncoding = 4; lastKnownFileType = sourcecode.c.objc; path = UndefinedWarmUps.m; sourceTree = "<group>"; };
		DC47642229695A0D005D1EDE /* MRCTesting.m */ = {isa = PBXFileReference; fileEncoding = 4; lastKnownFileType = sourcecode.c.objc; path = MRCTesting.m; sourceTree = "<group>"; };
		DC47642329695A0D005D1EDE /* GCDWarmUps.m */ = {isa = PBXFileReference; fileEncoding = 4; lastKnownFileType = sourcecode.c.objc; path = GCDWarmUps.m; sourceTree = "<group>"; };
		DC47642429695A0D005D1EDE /* ObjcBasicsTesting.m */ = {isa = PBXFileReference; fileEncoding = 4; lastKnownFileType = sourcecode.c.objc; path = ObjcBasicsTesting.m; sourceTree = "<group>"; };
		DC47642529695A0D005D1EDE /* RuntimeWarmUps.mm */ = {isa = PBXFileReference; fileEncoding = 4; lastKnownFileType = sourcecode.cpp.objcpp; path = RuntimeWarmUps.mm; sourceTree = "<group>"; };
		DC47642629695A0D005D1EDE /* ARCTesting.m */ = {isa = PBXFileReference; fileEncoding = 4; lastKnownFileType = sourcecode.c.objc; path = ARCTesting.m; sourceTree = "<group>"; };
		DC47642729695A0D005D1EDE /* MessagingWarmUps.m */ = {isa = PBXFileReference; fileEncoding = 4; lastKnownFileType = sourcecode.c.objc; path = MessagingWarmUps.m; sourceTree = "<group>"; };
		DC47642829695A0D005D1EDE /* ObjcWarmUpsTesting.m */ = {isa = PBXFileReference; fileEncoding = 4; lastKnownFileType = sourcecode.c.objc; path = ObjcWarmUpsTesting.m; sourceTree = "<group>"; };
		DC47642A29695A0D005D1EDE /* ExistingMultiFileClass+TestingTwo.h */ = {isa = PBXFileReference; fileEncoding = 4; lastKnownFileType = sourcecode.c.h; path = "ExistingMultiFileClass+TestingTwo.h"; sourceTree = "<group>"; };
		DC47642B29695A0D005D1EDE /* ExistingMultiFileClass+TestingOne.m */ = {isa = PBXFileReference; fileEncoding = 4; lastKnownFileType = sourcecode.c.objc; path = "ExistingMultiFileClass+TestingOne.m"; sourceTree = "<group>"; };
		DC47642C29695A0D005D1EDE /* ExistingMultiFileClass.m */ = {isa = PBXFileReference; fileEncoding = 4; lastKnownFileType = sourcecode.c.objc; path = ExistingMultiFileClass.m; sourceTree = "<group>"; };
		DC47642D29695A0D005D1EDE /* ExistingMultiFileClass+TestingTwo.m */ = {isa = PBXFileReference; fileEncoding = 4; lastKnownFileType = sourcecode.c.objc; path = "ExistingMultiFileClass+TestingTwo.m"; sourceTree = "<group>"; };
		DC47642E29695A0D005D1EDE /* ExistingMultiFileClass+TestingOne.h */ = {isa = PBXFileReference; fileEncoding = 4; lastKnownFileType = sourcecode.c.h; path = "ExistingMultiFileClass+TestingOne.h"; sourceTree = "<group>"; };
		DC47642F29695A0D005D1EDE /* ExistingMultiFileClass.h */ = {isa = PBXFileReference; fileEncoding = 4; lastKnownFileType = sourcecode.c.h; path = ExistingMultiFileClass.h; sourceTree = "<group>"; };
		DC47644729695BF3005D1EDE /* CatAnimal.m */ = {isa = PBXFileReference; fileEncoding = 4; lastKnownFileType = sourcecode.c.objc; path = CatAnimal.m; sourceTree = "<group>"; };
		DC47644829695BF3005D1EDE /* CatAnimal.h */ = {isa = PBXFileReference; fileEncoding = 4; lastKnownFileType = sourcecode.c.h; path = CatAnimal.h; sourceTree = "<group>"; };
		DC47645029695E5B005D1EDE /* gcd */ = {isa = PBXFileReference; explicitFileType = "compiled.mach-o.executable"; includeInIndex = 0; path = gcd; sourceTree = BUILT_PRODUCTS_DIR; };
		DC47645229695E5B005D1EDE /* main.m */ = {isa = PBXFileReference; lastKnownFileType = sourcecode.c.objc; path = main.m; sourceTree = "<group>"; };
		DC47646129695EDE005D1EDE /* JoinPthreadTesting.m */ = {isa = PBXFileReference; fileEncoding = 4; lastKnownFileType = sourcecode.c.objc; path = JoinPthreadTesting.m; sourceTree = "<group>"; };
		DC47646229695EDE005D1EDE /* JoinSemaphoreTesting.m */ = {isa = PBXFileReference; fileEncoding = 4; lastKnownFileType = sourcecode.c.objc; path = JoinSemaphoreTesting.m; sourceTree = "<group>"; };
		DC47646329695EDE005D1EDE /* ProducerAndConsumerSemaphoreTesting.m */ = {isa = PBXFileReference; fileEncoding = 4; lastKnownFileType = sourcecode.c.objc; path = ProducerAndConsumerSemaphoreTesting.m; sourceTree = "<group>"; };
		DC47646429695EDE005D1EDE /* ProducerAndConsumerTesting.m */ = {isa = PBXFileReference; fileEncoding = 4; lastKnownFileType = sourcecode.c.objc; path = ProducerAndConsumerTesting.m; sourceTree = "<group>"; };
		DC47646D29695F29005D1EDE /* file */ = {isa = PBXFileReference; explicitFileType = "compiled.mach-o.executable"; includeInIndex = 0; path = file; sourceTree = BUILT_PRODUCTS_DIR; };
		DC47646F29695F29005D1EDE /* main.m */ = {isa = PBXFileReference; lastKnownFileType = sourcecode.c.objc; path = main.m; sourceTree = "<group>"; };
/* End PBXFileReference section */

/* Begin PBXFrameworksBuildPhase section */
		DC4763EB296951FB005D1EDE /* Frameworks */ = {
			isa = PBXFrameworksBuildPhase;
			buildActionMask = 2147483647;
			files = (
			);
			runOnlyForDeploymentPostprocessing = 0;
		};
		DC4763FD29695564005D1EDE /* Frameworks */ = {
			isa = PBXFrameworksBuildPhase;
			buildActionMask = 2147483647;
			files = (
			);
			runOnlyForDeploymentPostprocessing = 0;
		};
		DC4764142969594C005D1EDE /* Frameworks */ = {
			isa = PBXFrameworksBuildPhase;
			buildActionMask = 2147483647;
			files = (
			);
			runOnlyForDeploymentPostprocessing = 0;
		};
		DC47644D29695E5B005D1EDE /* Frameworks */ = {
			isa = PBXFrameworksBuildPhase;
			buildActionMask = 2147483647;
			files = (
			);
			runOnlyForDeploymentPostprocessing = 0;
		};
		DC47646A29695F29005D1EDE /* Frameworks */ = {
			isa = PBXFrameworksBuildPhase;
			buildActionMask = 2147483647;
			files = (
			);
			runOnlyForDeploymentPostprocessing = 0;
		};
/* End PBXFrameworksBuildPhase section */

/* Begin PBXGroup section */
		DC4763D72969519D005D1EDE = {
			isa = PBXGroup;
			children = (
				DC47644629695BF3005D1EDE /* shared */,
				DC4763EF296951FB005D1EDE /* class_object */,
				DC47640129695564005D1EDE /* block */,
				DC4764182969594C005D1EDE /* unit_test */,
				DC47645129695E5B005D1EDE /* gcd */,
				DC47646E29695F29005D1EDE /* file */,
				DC4763E12969519D005D1EDE /* Products */,
			);
			sourceTree = "<group>";
		};
		DC4763E12969519D005D1EDE /* Products */ = {
			isa = PBXGroup;
			children = (
				DC4763EE296951FB005D1EDE /* class_object */,
				DC47640029695564005D1EDE /* block */,
				DC4764172969594C005D1EDE /* unit_test.xctest */,
				DC47645029695E5B005D1EDE /* gcd */,
				DC47646D29695F29005D1EDE /* file */,
			);
			name = Products;
			sourceTree = "<group>";
		};
		DC4763EF296951FB005D1EDE /* class_object */ = {
			isa = PBXGroup;
			children = (
				DC4763F0296951FB005D1EDE /* main.m */,
			);
			path = class_object;
			sourceTree = "<group>";
		};
		DC47640129695564005D1EDE /* block */ = {
			isa = PBXGroup;
			children = (
				DC47640229695564005D1EDE /* main.m */,
			);
			path = block;
			sourceTree = "<group>";
		};
		DC4764182969594C005D1EDE /* unit_test */ = {
			isa = PBXGroup;
			children = (
				DC47646129695EDE005D1EDE /* JoinPthreadTesting.m */,
				DC47646229695EDE005D1EDE /* JoinSemaphoreTesting.m */,
				DC47646329695EDE005D1EDE /* ProducerAndConsumerSemaphoreTesting.m */,
				DC47646429695EDE005D1EDE /* ProducerAndConsumerTesting.m */,
				DC47642629695A0D005D1EDE /* ARCTesting.m */,
				DC47641E29695A0D005D1EDE /* BlockWarmUps.mm */,
				DC47642929695A0D005D1EDE /* Category */,
				DC47642029695A0D005D1EDE /* CategoryWarmUps.m */,
				DC47642329695A0D005D1EDE /* GCDWarmUps.m */,
				DC47642729695A0D005D1EDE /* MessagingWarmUps.m */,
				DC47642229695A0D005D1EDE /* MRCTesting.m */,
				DC47642429695A0D005D1EDE /* ObjcBasicsTesting.m */,
				DC47642829695A0D005D1EDE /* ObjcWarmUpsTesting.m */,
				DC47642529695A0D005D1EDE /* RuntimeWarmUps.mm */,
				DC47641F29695A0D005D1EDE /* SizingWarmUps.mm */,
				DC47642129695A0D005D1EDE /* UndefinedWarmUps.m */,
			);
			path = unit_test;
			sourceTree = "<group>";
		};
		DC47642929695A0D005D1EDE /* Category */ = {
			isa = PBXGroup;
			children = (
				DC47642A29695A0D005D1EDE /* ExistingMultiFileClass+TestingTwo.h */,
				DC47642B29695A0D005D1EDE /* ExistingMultiFileClass+TestingOne.m */,
				DC47642C29695A0D005D1EDE /* ExistingMultiFileClass.m */,
				DC47642D29695A0D005D1EDE /* ExistingMultiFileClass+TestingTwo.m */,
				DC47642E29695A0D005D1EDE /* ExistingMultiFileClass+TestingOne.h */,
				DC47642F29695A0D005D1EDE /* ExistingMultiFileClass.h */,
			);
			path = Category;
			sourceTree = "<group>";
		};
		DC47644629695BF3005D1EDE /* shared */ = {
			isa = PBXGroup;
			children = (
				DC47644729695BF3005D1EDE /* CatAnimal.m */,
				DC47644829695BF3005D1EDE /* CatAnimal.h */,
			);
			path = shared;
			sourceTree = "<group>";
		};
		DC47645129695E5B005D1EDE /* gcd */ = {
			isa = PBXGroup;
			children = (
				DC47645229695E5B005D1EDE /* main.m */,
			);
			path = gcd;
			sourceTree = "<group>";
		};
		DC47646E29695F29005D1EDE /* file */ = {
			isa = PBXGroup;
			children = (
				DC47646F29695F29005D1EDE /* main.m */,
			);
			path = file;
			sourceTree = "<group>";
		};
/* End PBXGroup section */

/* Begin PBXNativeTarget section */
		DC4763ED296951FB005D1EDE /* class_object */ = {
			isa = PBXNativeTarget;
			buildConfigurationList = DC4763F2296951FB005D1EDE /* Build configuration list for PBXNativeTarget "class_object" */;
			buildPhases = (
				DC4763EA296951FB005D1EDE /* Sources */,
				DC4763EB296951FB005D1EDE /* Frameworks */,
				DC4763EC296951FB005D1EDE /* CopyFiles */,
				DC4763F829695279005D1EDE /* ShellScript */,
			);
			buildRules = (
			);
			dependencies = (
			);
			name = class_object;
			productName = class_object;
			productReference = DC4763EE296951FB005D1EDE /* class_object */;
			productType = "com.apple.product-type.tool";
		};
		DC4763FF29695564005D1EDE /* block */ = {
			isa = PBXNativeTarget;
			buildConfigurationList = DC47640629695564005D1EDE /* Build configuration list for PBXNativeTarget "block" */;
			buildPhases = (
				DC4763FC29695564005D1EDE /* Sources */,
				DC4763FD29695564005D1EDE /* Frameworks */,
				DC4763FE29695564005D1EDE /* CopyFiles */,
				DC476407296956D8005D1EDE /* ShellScript */,
			);
			buildRules = (
			);
			dependencies = (
			);
			name = block;
			productName = block;
			productReference = DC47640029695564005D1EDE /* block */;
			productType = "com.apple.product-type.tool";
		};
		DC4764162969594C005D1EDE /* unit_test */ = {
			isa = PBXNativeTarget;
			buildConfigurationList = DC47641B2969594C005D1EDE /* Build configuration list for PBXNativeTarget "unit_test" */;
			buildPhases = (
				DC4764132969594C005D1EDE /* Sources */,
				DC4764142969594C005D1EDE /* Frameworks */,
				DC4764152969594C005D1EDE /* Resources */,
			);
			buildRules = (
			);
			dependencies = (
			);
			name = unit_test;
			productName = unit_test;
			productReference = DC4764172969594C005D1EDE /* unit_test.xctest */;
			productType = "com.apple.product-type.bundle.unit-test";
		};
		DC47644F29695E5B005D1EDE /* gcd */ = {
			isa = PBXNativeTarget;
			buildConfigurationList = DC47645629695E5B005D1EDE /* Build configuration list for PBXNativeTarget "gcd" */;
			buildPhases = (
				DC47644C29695E5B005D1EDE /* Sources */,
				DC47644D29695E5B005D1EDE /* Frameworks */,
				DC47644E29695E5B005D1EDE /* CopyFiles */,
				DC47645729695E87005D1EDE /* ShellScript */,
			);
			buildRules = (
			);
			dependencies = (
			);
			name = gcd;
			productName = gcd;
			productReference = DC47645029695E5B005D1EDE /* gcd */;
			productType = "com.apple.product-type.tool";
		};
		DC47646C29695F29005D1EDE /* file */ = {
			isa = PBXNativeTarget;
			buildConfigurationList = DC47647129695F29005D1EDE /* Build configuration list for PBXNativeTarget "file" */;
			buildPhases = (
				DC47646929695F29005D1EDE /* Sources */,
				DC47646A29695F29005D1EDE /* Frameworks */,
				DC47646B29695F29005D1EDE /* CopyFiles */,
			);
			buildRules = (
			);
			dependencies = (
			);
			name = file;
			productName = file;
			productReference = DC47646D29695F29005D1EDE /* file */;
			productType = "com.apple.product-type.tool";
		};
/* End PBXNativeTarget section */

/* Begin PBXProject section */
		DC4763D82969519D005D1EDE /* Project object */ = {
			isa = PBXProject;
			attributes = {
				BuildIndependentTargetsInParallel = 1;
				LastUpgradeCheck = 1420;
				TargetAttributes = {
					DC4763ED296951FB005D1EDE = {
						CreatedOnToolsVersion = 14.2;
					};
					DC4763FF29695564005D1EDE = {
						CreatedOnToolsVersion = 14.2;
					};
					DC4764162969594C005D1EDE = {
						CreatedOnToolsVersion = 14.2;
					};
					DC47644F29695E5B005D1EDE = {
						CreatedOnToolsVersion = 14.2;
					};
					DC47646C29695F29005D1EDE = {
						CreatedOnToolsVersion = 14.2;
					};
				};
			};
			buildConfigurationList = DC4763DB2969519D005D1EDE /* Build configuration list for PBXProject "learn_objc" */;
			compatibilityVersion = "Xcode 14.0";
			developmentRegion = en;
			hasScannedForEncodings = 0;
			knownRegions = (
				en,
				Base,
			);
			mainGroup = DC4763D72969519D005D1EDE;
			productRefGroup = DC4763E12969519D005D1EDE /* Products */;
			projectDirPath = "";
			projectRoot = "";
			targets = (
				DC4763ED296951FB005D1EDE /* class_object */,
				DC4763FF29695564005D1EDE /* block */,
				DC4764162969594C005D1EDE /* unit_test */,
				DC47644F29695E5B005D1EDE /* gcd */,
				DC47646C29695F29005D1EDE /* file */,
			);
		};
/* End PBXProject section */

/* Begin PBXResourcesBuildPhase section */
		DC4764152969594C005D1EDE /* Resources */ = {
			isa = PBXResourcesBuildPhase;
			buildActionMask = 2147483647;
			files = (
			);
			runOnlyForDeploymentPostprocessing = 0;
		};
/* End PBXResourcesBuildPhase section */

/* Begin PBXShellScriptBuildPhase section */
		DC4763F829695279005D1EDE /* ShellScript */ = {
			isa = PBXShellScriptBuildPhase;
			buildActionMask = 2147483647;
			files = (
			);
			inputFileListPaths = (
			);
			inputPaths = (
			);
			outputFileListPaths = (
			);
			outputPaths = (
			);
			runOnlyForDeploymentPostprocessing = 0;
			shellPath = /bin/sh;
			shellScript = "clang -rewrite-objc -I$SRCROOT/shared $SRCROOT/class_object/main.m -o $SRCROOT/class_object/clang_rewrite_main.cpp\n";
		};
		DC476407296956D8005D1EDE /* ShellScript */ = {
			isa = PBXShellScriptBuildPhase;
			buildActionMask = 2147483647;
			files = (
			);
			inputFileListPaths = (
			);
			inputPaths = (
			);
			outputFileListPaths = (
			);
			outputPaths = (
			);
			runOnlyForDeploymentPostprocessing = 0;
			shellPath = /bin/sh;
			shellScript = "clang -rewrite-objc $SRCROOT/block/main.m -o $SRCROOT/block/clang_rewrite_main.cpp\n";
		};
		DC47645729695E87005D1EDE /* ShellScript */ = {
			isa = PBXShellScriptBuildPhase;
			buildActionMask = 2147483647;
			files = (
			);
			inputFileListPaths = (
			);
			inputPaths = (
			);
			outputFileListPaths = (
			);
			outputPaths = (
			);
			runOnlyForDeploymentPostprocessing = 0;
			shellPath = /bin/sh;
			shellScript = "clang -rewrite-objc $SRCROOT/gcd/main.m -o $SRCROOT/gcd/clang_rewrite_main.cpp\n";
		};
/* End PBXShellScriptBuildPhase section */

/* Begin PBXSourcesBuildPhase section */
		DC4763EA296951FB005D1EDE /* Sources */ = {
			isa = PBXSourcesBuildPhase;
			buildActionMask = 2147483647;
			files = (
				DC47644929695BF3005D1EDE /* CatAnimal.m in Sources */,
				DC4763F1296951FB005D1EDE /* main.m in Sources */,
			);
			runOnlyForDeploymentPostprocessing = 0;
		};
		DC4763FC29695564005D1EDE /* Sources */ = {
			isa = PBXSourcesBuildPhase;
			buildActionMask = 2147483647;
			files = (
				DC47640329695564005D1EDE /* main.m in Sources */,
			);
			runOnlyForDeploymentPostprocessing = 0;
		};
		DC4764132969594C005D1EDE /* Sources */ = {
			isa = PBXSourcesBuildPhase;
			buildActionMask = 2147483647;
			files = (
				DC47643729695A0D005D1EDE /* RuntimeWarmUps.mm in Sources */,
				DC47643529695A0D005D1EDE /* GCDWarmUps.m in Sources */,
				DC47643929695A0D005D1EDE /* MessagingWarmUps.m in Sources */,
				DC47643129695A0D005D1EDE /* SizingWarmUps.mm in Sources */,
				DC47643329695A0D005D1EDE /* UndefinedWarmUps.m in Sources */,
				DC47646529695EDE005D1EDE /* JoinPthreadTesting.m in Sources */,
				DC47644A29695BF3005D1EDE /* CatAnimal.m in Sources */,
				DC47643C29695A0D005D1EDE /* ExistingMultiFileClass.m in Sources */,
				DC47646629695EDE005D1EDE /* JoinSemaphoreTesting.m in Sources */,
				DC47643229695A0D005D1EDE /* CategoryWarmUps.m in Sources */,
				DC47643D29695A0D005D1EDE /* ExistingMultiFileClass+TestingTwo.m in Sources */,
				DC47643A29695A0D005D1EDE /* ObjcWarmUpsTesting.m in Sources */,
				DC47643829695A0D005D1EDE /* ARCTesting.m in Sources */,
				DC47646729695EDE005D1EDE /* ProducerAndConsumerSemaphoreTesting.m in Sources */,
				DC47646829695EDE005D1EDE /* ProducerAndConsumerTesting.m in Sources */,
				DC47643B29695A0D005D1EDE /* ExistingMultiFileClass+TestingOne.m in Sources */,
				DC47643029695A0D005D1EDE /* BlockWarmUps.mm in Sources */,
				DC47643429695A0D005D1EDE /* MRCTesting.m in Sources */,
				DC47643629695A0D005D1EDE /* ObjcBasicsTesting.m in Sources */,
			);
			runOnlyForDeploymentPostprocessing = 0;
		};
		DC47644C29695E5B005D1EDE /* Sources */ = {
			isa = PBXSourcesBuildPhase;
			buildActionMask = 2147483647;
			files = (
				DC47645329695E5B005D1EDE /* main.m in Sources */,
			);
			runOnlyForDeploymentPostprocessing = 0;
		};
		DC47646929695F29005D1EDE /* Sources */ = {
			isa = PBXSourcesBuildPhase;
			buildActionMask = 2147483647;
			files = (
				DC47647029695F29005D1EDE /* main.m in Sources */,
			);
			runOnlyForDeploymentPostprocessing = 0;
		};
/* End PBXSourcesBuildPhase section */

/* Begin XCBuildConfiguration section */
		DC4763E52969519D005D1EDE /* Debug */ = {
			isa = XCBuildConfiguration;
			buildSettings = {
				ALWAYS_SEARCH_USER_PATHS = NO;
				CLANG_ANALYZER_NONNULL = YES;
				CLANG_ANALYZER_NUMBER_OBJECT_CONVERSION = YES_AGGRESSIVE;
				CLANG_CXX_LANGUAGE_STANDARD = "gnu++20";
				CLANG_ENABLE_MODULES = YES;
				CLANG_ENABLE_OBJC_ARC = YES;
				CLANG_ENABLE_OBJC_WEAK = YES;
				CLANG_WARN_BLOCK_CAPTURE_AUTORELEASING = YES;
				CLANG_WARN_BOOL_CONVERSION = YES;
				CLANG_WARN_COMMA = YES;
				CLANG_WARN_CONSTANT_CONVERSION = YES;
				CLANG_WARN_DEPRECATED_OBJC_IMPLEMENTATIONS = YES;
				CLANG_WARN_DIRECT_OBJC_ISA_USAGE = YES_ERROR;
				CLANG_WARN_DOCUMENTATION_COMMENTS = YES;
				CLANG_WARN_EMPTY_BODY = YES;
				CLANG_WARN_ENUM_CONVERSION = YES;
				CLANG_WARN_INFINITE_RECURSION = YES;
				CLANG_WARN_INT_CONVERSION = YES;
				CLANG_WARN_NON_LITERAL_NULL_CONVERSION = YES;
				CLANG_WARN_OBJC_IMPLICIT_RETAIN_SELF = YES;
				CLANG_WARN_OBJC_LITERAL_CONVERSION = YES;
				CLANG_WARN_OBJC_ROOT_CLASS = YES_ERROR;
				CLANG_WARN_QUOTED_INCLUDE_IN_FRAMEWORK_HEADER = YES;
				CLANG_WARN_RANGE_LOOP_ANALYSIS = YES;
				CLANG_WARN_STRICT_PROTOTYPES = YES;
				CLANG_WARN_SUSPICIOUS_MOVE = YES;
				CLANG_WARN_UNGUARDED_AVAILABILITY = YES_AGGRESSIVE;
				CLANG_WARN_UNREACHABLE_CODE = YES;
				CLANG_WARN__DUPLICATE_METHOD_MATCH = YES;
				COPY_PHASE_STRIP = NO;
				DEBUG_INFORMATION_FORMAT = dwarf;
				ENABLE_STRICT_OBJC_MSGSEND = YES;
				ENABLE_TESTABILITY = YES;
				GCC_C_LANGUAGE_STANDARD = gnu11;
				GCC_DYNAMIC_NO_PIC = NO;
				GCC_NO_COMMON_BLOCKS = YES;
				GCC_OPTIMIZATION_LEVEL = 0;
				GCC_PREPROCESSOR_DEFINITIONS = (
					"DEBUG=1",
					"$(inherited)",
				);
				GCC_WARN_64_TO_32_BIT_CONVERSION = YES;
				GCC_WARN_ABOUT_RETURN_TYPE = YES_ERROR;
				GCC_WARN_UNDECLARED_SELECTOR = YES;
				GCC_WARN_UNINITIALIZED_AUTOS = YES_AGGRESSIVE;
				GCC_WARN_UNUSED_FUNCTION = YES;
				GCC_WARN_UNUSED_VARIABLE = YES;
				MACOSX_DEPLOYMENT_TARGET = 13.0;
				MTL_ENABLE_DEBUG_INFO = INCLUDE_SOURCE;
				MTL_FAST_MATH = YES;
				ONLY_ACTIVE_ARCH = YES;
				SDKROOT = macosx;
			};
			name = Debug;
		};
		DC4763E62969519D005D1EDE /* Release */ = {
			isa = XCBuildConfiguration;
			buildSettings = {
				ALWAYS_SEARCH_USER_PATHS = NO;
				CLANG_ANALYZER_NONNULL = YES;
				CLANG_ANALYZER_NUMBER_OBJECT_CONVERSION = YES_AGGRESSIVE;
				CLANG_CXX_LANGUAGE_STANDARD = "gnu++20";
				CLANG_ENABLE_MODULES = YES;
				CLANG_ENABLE_OBJC_ARC = YES;
				CLANG_ENABLE_OBJC_WEAK = YES;
				CLANG_WARN_BLOCK_CAPTURE_AUTORELEASING = YES;
				CLANG_WARN_BOOL_CONVERSION = YES;
				CLANG_WARN_COMMA = YES;
				CLANG_WARN_CONSTANT_CONVERSION = YES;
				CLANG_WARN_DEPRECATED_OBJC_IMPLEMENTATIONS = YES;
				CLANG_WARN_DIRECT_OBJC_ISA_USAGE = YES_ERROR;
				CLANG_WARN_DOCUMENTATION_COMMENTS = YES;
				CLANG_WARN_EMPTY_BODY = YES;
				CLANG_WARN_ENUM_CONVERSION = YES;
				CLANG_WARN_INFINITE_RECURSION = YES;
				CLANG_WARN_INT_CONVERSION = YES;
				CLANG_WARN_NON_LITERAL_NULL_CONVERSION = YES;
				CLANG_WARN_OBJC_IMPLICIT_RETAIN_SELF = YES;
				CLANG_WARN_OBJC_LITERAL_CONVERSION = YES;
				CLANG_WARN_OBJC_ROOT_CLASS = YES_ERROR;
				CLANG_WARN_QUOTED_INCLUDE_IN_FRAMEWORK_HEADER = YES;
				CLANG_WARN_RANGE_LOOP_ANALYSIS = YES;
				CLANG_WARN_STRICT_PROTOTYPES = YES;
				CLANG_WARN_SUSPICIOUS_MOVE = YES;
				CLANG_WARN_UNGUARDED_AVAILABILITY = YES_AGGRESSIVE;
				CLANG_WARN_UNREACHABLE_CODE = YES;
				CLANG_WARN__DUPLICATE_METHOD_MATCH = YES;
				COPY_PHASE_STRIP = NO;
				DEBUG_INFORMATION_FORMAT = "dwarf-with-dsym";
				ENABLE_NS_ASSERTIONS = NO;
				ENABLE_STRICT_OBJC_MSGSEND = YES;
				GCC_C_LANGUAGE_STANDARD = gnu11;
				GCC_NO_COMMON_BLOCKS = YES;
				GCC_WARN_64_TO_32_BIT_CONVERSION = YES;
				GCC_WARN_ABOUT_RETURN_TYPE = YES_ERROR;
				GCC_WARN_UNDECLARED_SELECTOR = YES;
				GCC_WARN_UNINITIALIZED_AUTOS = YES_AGGRESSIVE;
				GCC_WARN_UNUSED_FUNCTION = YES;
				GCC_WARN_UNUSED_VARIABLE = YES;
				MACOSX_DEPLOYMENT_TARGET = 13.0;
				MTL_ENABLE_DEBUG_INFO = NO;
				MTL_FAST_MATH = YES;
				SDKROOT = macosx;
			};
			name = Release;
		};
		DC4763F3296951FB005D1EDE /* Debug */ = {
			isa = XCBuildConfiguration;
			buildSettings = {
				CODE_SIGN_STYLE = Automatic;
				PRODUCT_NAME = "$(TARGET_NAME)";
			};
			name = Debug;
		};
		DC4763F4296951FB005D1EDE /* Release */ = {
			isa = XCBuildConfiguration;
			buildSettings = {
				CODE_SIGN_STYLE = Automatic;
				PRODUCT_NAME = "$(TARGET_NAME)";
			};
			name = Release;
		};
		DC47640429695564005D1EDE /* Debug */ = {
			isa = XCBuildConfiguration;
			buildSettings = {
				CODE_SIGN_STYLE = Automatic;
				PRODUCT_NAME = "$(TARGET_NAME)";
			};
			name = Debug;
		};
		DC47640529695564005D1EDE /* Release */ = {
			isa = XCBuildConfiguration;
			buildSettings = {
				CODE_SIGN_STYLE = Automatic;
				PRODUCT_NAME = "$(TARGET_NAME)";
			};
			name = Release;
		};
		DC47641C2969594C005D1EDE /* Debug */ = {
			isa = XCBuildConfiguration;
			buildSettings = {
				CODE_SIGN_STYLE = Automatic;
				CURRENT_PROJECT_VERSION = 1;
				GENERATE_INFOPLIST_FILE = YES;
				MARKETING_VERSION = 1.0;
				PRODUCT_BUNDLE_IDENTIFIER = "mogoal.unit-test";
				PRODUCT_NAME = "$(TARGET_NAME)";
				SWIFT_EMIT_LOC_STRINGS = NO;
			};
			name = Debug;
		};
		DC47641D2969594C005D1EDE /* Release */ = {
			isa = XCBuildConfiguration;
			buildSettings = {
				CODE_SIGN_STYLE = Automatic;
				CURRENT_PROJECT_VERSION = 1;
				GENERATE_INFOPLIST_FILE = YES;
				MARKETING_VERSION = 1.0;
				PRODUCT_BUNDLE_IDENTIFIER = "mogoal.unit-test";
				PRODUCT_NAME = "$(TARGET_NAME)";
				SWIFT_EMIT_LOC_STRINGS = NO;
			};
			name = Release;
		};
		DC47645429695E5B005D1EDE /* Debug */ = {
			isa = XCBuildConfiguration;
			buildSettings = {
				CODE_SIGN_STYLE = Automatic;
				PRODUCT_NAME = "$(TARGET_NAME)";
			};
			name = Debug;
		};
		DC47645529695E5B005D1EDE /* Release */ = {
			isa = XCBuildConfiguration;
			buildSettings = {
				CODE_SIGN_STYLE = Automatic;
				PRODUCT_NAME = "$(TARGET_NAME)";
			};
			name = Release;
		};
		DC47647229695F29005D1EDE /* Debug */ = {
			isa = XCBuildConfiguration;
			buildSettings = {
				CODE_SIGN_STYLE = Automatic;
				PRODUCT_NAME = "$(TARGET_NAME)";
			};
			name = Debug;
		};
		DC47647329695F29005D1EDE /* Release */ = {
			isa = XCBuildConfiguration;
			buildSettings = {
				CODE_SIGN_STYLE = Automatic;
				PRODUCT_NAME = "$(TARGET_NAME)";
			};
			name = Release;
		};
/* End XCBuildConfiguration section */

/* Begin XCConfigurationList section */
		DC4763DB2969519D005D1EDE /* Build configuration list for PBXProject "learn_objc" */ = {
			isa = XCConfigurationList;
			buildConfigurations = (
				DC4763E52969519D005D1EDE /* Debug */,
				DC4763E62969519D005D1EDE /* Release */,
			);
			defaultConfigurationIsVisible = 0;
			defaultConfigurationName = Release;
		};
		DC4763F2296951FB005D1EDE /* Build configuration list for PBXNativeTarget "class_object" */ = {
			isa = XCConfigurationList;
			buildConfigurations = (
				DC4763F3296951FB005D1EDE /* Debug */,
				DC4763F4296951FB005D1EDE /* Release */,
			);
			defaultConfigurationIsVisible = 0;
			defaultConfigurationName = Release;
		};
		DC47640629695564005D1EDE /* Build configuration list for PBXNativeTarget "block" */ = {
			isa = XCConfigurationList;
			buildConfigurations = (
				DC47640429695564005D1EDE /* Debug */,
				DC47640529695564005D1EDE /* Release */,
			);
			defaultConfigurationIsVisible = 0;
			defaultConfigurationName = Release;
		};
		DC47641B2969594C005D1EDE /* Build configuration list for PBXNativeTarget "unit_test" */ = {
			isa = XCConfigurationList;
			buildConfigurations = (
				DC47641C2969594C005D1EDE /* Debug */,
				DC47641D2969594C005D1EDE /* Release */,
			);
			defaultConfigurationIsVisible = 0;
			defaultConfigurationName = Release;
		};
		DC47645629695E5B005D1EDE /* Build configuration list for PBXNativeTarget "gcd" */ = {
			isa = XCConfigurationList;
			buildConfigurations = (
				DC47645429695E5B005D1EDE /* Debug */,
				DC47645529695E5B005D1EDE /* Release */,
			);
			defaultConfigurationIsVisible = 0;
			defaultConfigurationName = Release;
		};
		DC47647129695F29005D1EDE /* Build configuration list for PBXNativeTarget "file" */ = {
			isa = XCConfigurationList;
			buildConfigurations = (
				DC47647229695F29005D1EDE /* Debug */,
				DC47647329695F29005D1EDE /* Release */,
			);
			defaultConfigurationIsVisible = 0;
			defaultConfigurationName = Release;
		};
/* End XCConfigurationList section */
	};
	rootObject = DC4763D82969519D005D1EDE /* Project object */;
}
